
Microsoft Visual Studio Solution File, Format Version 12.00
# Visual Studio Version 16
VisualStudioVersion = 16.0.30225.117
MinimumVisualStudioVersion = 10.0.40219.1
Project("{FAE04EC0-301F-11D3-BF4B-00C04F79EFBC}") = "PEPatch", "PEPatch.csproj", "{4F89695C-7E04-4C94-9B2B-560FC7289904}"
EndProject
Project("{FAE04EC0-301F-11D3-BF4B-00C04F79EFBC}") = "PEServerPatch", "PEServerPatch\PEServerPatch.csproj", "{3FC4C6C1-38BC-432A-87B9-1CAA6D213CE8}"
EndProject
Global
	GlobalSection(SolutionConfigurationPlatforms) = preSolution
		Debug|Any CPU = Debug|Any CPU
		Release|Any CPU = Release|Any CPU
	EndGlobalSection
	GlobalSection(ProjectConfigurationPlatforms) = postSolution
		{4F89695C-7E04-4C94-9B2B-560FC7289904}.Debug|Any CPU.ActiveCfg = Debug|Any CPU
		{4F89695C-7E04-4C94-9B2B-560FC7289904}.Debug|Any CPU.Build.0 = Debug|Any CPU
		{4F89695C-7E04-4C94-9B2B-560FC7289904}.Release|Any CPU.ActiveCfg = Release|Any CPU
		{4F89695C-7E04-4C94-9B2B-560FC7289904}.Release|Any CPU.Build.0 = Release|Any CPU
		{3FC4C6C1-38BC-432A-87B9-1CAA6D213CE8}.Debug|Any CPU.ActiveCfg = Debug|Any CPU
		{3FC4C6C1-38BC-432A-87B9-1CAA6D213CE8}.Debug|Any CPU.Build.0 = Debug|Any CPU
		{3FC4C6C1-38BC-432A-87B9-1CAA6D213CE8}.Release|Any CPU.ActiveCfg = Release|Any CPU
		{3FC4C6C1-38BC-432A-87B9-1CAA6D213CE8}.Release|Any CPU.Build.0 = Release|Any CPU
	EndGlobalSection
	GlobalSection(SolutionProperties) = preSolution
		HideSolutionNode = FALSE
	EndGlobalSection
	GlobalSection(ExtensibilityGlobals) = postSolution
		SolutionGuid = {58825555-05F9-4F1B-B5AB-CAB78CB7E282}
	EndGlobalSection
EndGlobal
